// !$*UTF8*$!
{
	archiveVersion = 1;
	classes = {
	};
	objectVersion = 56;
	objects = {

/* Begin PBXBuildFile section */
		C30261532A41B79E00B786C6 /* SettingView.swift in Sources */ = {isa = PBXBuildFile; fileRef = C30261522A41B79E00B786C6 /* SettingView.swift */; };
		C36DF13D2A3C651200CC5525 /* SharingViewController.swift in Sources */ = {isa = PBXBuildFile; fileRef = C36DF13C2A3C651200CC5525 /* SharingViewController.swift */; };
		C36DF1402A3E352800CC5525 /* Localizable.strings in Resources */ = {isa = PBXBuildFile; fileRef = C36DF1422A3E352800CC5525 /* Localizable.strings */; };
		C36F5CAA2A30993E00EA654B /* MyButton.swift in Sources */ = {isa = PBXBuildFile; fileRef = C36F5CA92A30993E00EA654B /* MyButton.swift */; };
		C3B0C89E2A3470420070E64E /* CouterDownViewModel.swift in Sources */ = {isa = PBXBuildFile; fileRef = C3B0C89D2A3470420070E64E /* CouterDownViewModel.swift */; };
		C3D6867B2A2F4A1D0077E026 /* PomodoroApp.swift in Sources */ = {isa = PBXBuildFile; fileRef = C3D6867A2A2F4A1D0077E026 /* PomodoroApp.swift */; };
		C3D6867D2A2F4A1D0077E026 /* ContentView.swift in Sources */ = {isa = PBXBuildFile; fileRef = C3D6867C2A2F4A1D0077E026 /* ContentView.swift */; };
		C3D6867F2A2F4A1F0077E026 /* Assets.xcassets in Resources */ = {isa = PBXBuildFile; fileRef = C3D6867E2A2F4A1F0077E026 /* Assets.xcassets */; };
		C3D686822A2F4A1F0077E026 /* Preview Assets.xcassets in Resources */ = {isa = PBXBuildFile; fileRef = C3D686812A2F4A1F0077E026 /* Preview Assets.xcassets */; };
/* End PBXBuildFile section */

/* Begin PBXFileReference section */
		C30261522A41B79E00B786C6 /* SettingView.swift */ = {isa = PBXFileReference; lastKnownFileType = sourcecode.swift; path = SettingView.swift; sourceTree = "<group>"; };
		C338F12A2AAE2430009BB26E /* Pomodoro.entitlements */ = {isa = PBXFileReference; lastKnownFileType = text.plist.entitlements; path = Pomodoro.entitlements; sourceTree = "<group>"; };
		C36DF13C2A3C651200CC5525 /* SharingViewController.swift */ = {isa = PBXFileReference; lastKnownFileType = sourcecode.swift; path = SharingViewController.swift; sourceTree = "<group>"; };
		C36DF1412A3E352800CC5525 /* en */ = {isa = PBXFileReference; lastKnownFileType = text.plist.strings; name = en; path = en.lproj/Localizable.strings; sourceTree = "<group>"; };
		C36DF1432A3E357300CC5525 /* tr */ = {isa = PBXFileReference; lastKnownFileType = text.plist.strings; name = tr; path = tr.lproj/Localizable.strings; sourceTree = "<group>"; };
		C36F5CA92A30993E00EA654B /* MyButton.swift */ = {isa = PBXFileReference; lastKnownFileType = sourcecode.swift; path = MyButton.swift; sourceTree = "<group>"; };
		C3B0C89D2A3470420070E64E /* CouterDownViewModel.swift */ = {isa = PBXFileReference; lastKnownFileType = sourcecode.swift; path = CouterDownViewModel.swift; sourceTree = "<group>"; };
		C3D686772A2F4A1D0077E026 /* Pomodoro.app */ = {isa = PBXFileReference; explicitFileType = wrapper.application; includeInIndex = 0; path = Pomodoro.app; sourceTree = BUILT_PRODUCTS_DIR; };
		C3D6867A2A2F4A1D0077E026 /* PomodoroApp.swift */ = {isa = PBXFileReference; lastKnownFileType = sourcecode.swift; path = PomodoroApp.swift; sourceTree = "<group>"; };
		C3D6867C2A2F4A1D0077E026 /* ContentView.swift */ = {isa = PBXFileReference; lastKnownFileType = sourcecode.swift; path = ContentView.swift; sourceTree = "<group>"; };
		C3D6867E2A2F4A1F0077E026 /* Assets.xcassets */ = {isa = PBXFileReference; lastKnownFileType = folder.assetcatalog; path = Assets.xcassets; sourceTree = "<group>"; };
		C3D686812A2F4A1F0077E026 /* Preview Assets.xcassets */ = {isa = PBXFileReference; lastKnownFileType = folder.assetcatalog; path = "Preview Assets.xcassets"; sourceTree = "<group>"; };
/* End PBXFileReference section */

/* Begin PBXFrameworksBuildPhase section */
		C3D686742A2F4A1D0077E026 /* Frameworks */ = {
			isa = PBXFrameworksBuildPhase;
			buildActionMask = 2147483647;
			files = (
			);
			runOnlyForDeploymentPostprocessing = 0;
		};
/* End PBXFrameworksBuildPhase section */

/* Begin PBXGroup section */
		C36F5CA62A2F52BF00EA654B /* Vıew */ = {
			isa = PBXGroup;
			children = (
				C3D6867C2A2F4A1D0077E026 /* ContentView.swift */,
				C30261522A41B79E00B786C6 /* SettingView.swift */,
			);
			path = "Vıew";
			sourceTree = "<group>";
		};
		C36F5CA72A2F52C400EA654B /* Vıewmodel */ = {
			isa = PBXGroup;
			children = (
				C3B0C89D2A3470420070E64E /* CouterDownViewModel.swift */,
			);
			path = "Vıewmodel";
			sourceTree = "<group>";
		};
		C36F5CA82A2F52D200EA654B /* Other */ = {
			isa = PBXGroup;
			children = (
				C36F5CA92A30993E00EA654B /* MyButton.swift */,
				C36DF13C2A3C651200CC5525 /* SharingViewController.swift */,
			);
			path = Other;
			sourceTree = "<group>";
		};
		C3D6866E2A2F4A1D0077E026 = {
			isa = PBXGroup;
			children = (
				C36DF1422A3E352800CC5525 /* Localizable.strings */,
				C3D686792A2F4A1D0077E026 /* Pomodoro */,
				C3D686782A2F4A1D0077E026 /* Products */,
			);
			sourceTree = "<group>";
		};
		C3D686782A2F4A1D0077E026 /* Products */ = {
			isa = PBXGroup;
			children = (
				C3D686772A2F4A1D0077E026 /* Pomodoro.app */,
			);
			name = Products;
			sourceTree = "<group>";
		};
		C3D686792A2F4A1D0077E026 /* Pomodoro */ = {
			isa = PBXGroup;
			children = (
				C338F12A2AAE2430009BB26E /* Pomodoro.entitlements */,
				C3D6867A2A2F4A1D0077E026 /* PomodoroApp.swift */,
				C36F5CA82A2F52D200EA654B /* Other */,
				C36F5CA72A2F52C400EA654B /* Vıewmodel */,
				C36F5CA62A2F52BF00EA654B /* Vıew */,
				C3D6867E2A2F4A1F0077E026 /* Assets.xcassets */,
				C3D686802A2F4A1F0077E026 /* Preview Content */,
			);
			path = Pomodoro;
			sourceTree = "<group>";
		};
		C3D686802A2F4A1F0077E026 /* Preview Content */ = {
			isa = PBXGroup;
			children = (
				C3D686812A2F4A1F0077E026 /* Preview Assets.xcassets */,
			);
			path = "Preview Content";
			sourceTree = "<group>";
		};
/* End PBXGroup section */

/* Begin PBXNativeTarget section */
		C3D686762A2F4A1D0077E026 /* Pomodoro */ = {
			isa = PBXNativeTarget;
			buildConfigurationList = C3D686852A2F4A1F0077E026 /* Build configuration list for PBXNativeTarget "Pomodoro" */;
			buildPhases = (
				C3D686732A2F4A1D0077E026 /* Sources */,
				C3D686742A2F4A1D0077E026 /* Frameworks */,
				C3D686752A2F4A1D0077E026 /* Resources */,
			);
			buildRules = (
			);
			dependencies = (
			);
			name = Pomodoro;
			productName = Pomodoro;
			productReference = C3D686772A2F4A1D0077E026 /* Pomodoro.app */;
			productType = "com.apple.product-type.application";
		};
/* End PBXNativeTarget section */

/* Begin PBXProject section */
		C3D6866F2A2F4A1D0077E026 /* Project object */ = {
			isa = PBXProject;
			attributes = {
				BuildIndependentTargetsInParallel = 1;
				LastSwiftUpdateCheck = 1430;
				LastUpgradeCheck = 1430;
				TargetAttributes = {
					C3D686762A2F4A1D0077E026 = {
						CreatedOnToolsVersion = 14.3;
					};
				};
			};
			buildConfigurationList = C3D686722A2F4A1D0077E026 /* Build configuration list for PBXProject "Pomodoro" */;
			compatibilityVersion = "Xcode 14.0";
			developmentRegion = en;
			hasScannedForEncodings = 0;
			knownRegions = (
				en,
				Base,
				tr,
			);
			mainGroup = C3D6866E2A2F4A1D0077E026;
			productRefGroup = C3D686782A2F4A1D0077E026 /* Products */;
			projectDirPath = "";
			projectRoot = "";
			targets = (
				C3D686762A2F4A1D0077E026 /* Pomodoro */,
			);
		};
/* End PBXProject section */

/* Begin PBXResourcesBuildPhase section */
		C3D686752A2F4A1D0077E026 /* Resources */ = {
			isa = PBXResourcesBuildPhase;
			buildActionMask = 2147483647;
			files = (
				C3D686822A2F4A1F0077E026 /* Preview Assets.xcassets in Resources */,
				C36DF1402A3E352800CC5525 /* Localizable.strings in Resources */,
				C3D6867F2A2F4A1F0077E026 /* Assets.xcassets in Resources */,
			);
			runOnlyForDeploymentPostprocessing = 0;
		};
/* End PBXResourcesBuildPhase section */

/* Begin PBXSourcesBuildPhase section */
		C3D686732A2F4A1D0077E026 /* Sources */ = {
			isa = PBXSourcesBuildPhase;
			buildActionMask = 2147483647;
			files = (
				C3D6867D2A2F4A1D0077E026 /* ContentView.swift in Sources */,
				C3D6867B2A2F4A1D0077E026 /* PomodoroApp.swift in Sources */,
				C36F5CAA2A30993E00EA654B /* MyButton.swift in Sources */,
				C30261532A41B79E00B786C6 /* SettingView.swift in Sources */,
				C3B0C89E2A3470420070E64E /* CouterDownViewModel.swift in Sources */,
				C36DF13D2A3C651200CC5525 /* SharingViewController.swift in Sources */,
			);
			runOnlyForDeploymentPostprocessing = 0;
		};
/* End PBXSourcesBuildPhase section */

/* Begin PBXVariantGroup section */
		C36DF1422A3E352800CC5525 /* Localizable.strings */ = {
			isa = PBXVariantGroup;
			children = (
				C36DF1412A3E352800CC5525 /* en */,
				C36DF1432A3E357300CC5525 /* tr */,
			);
			name = Localizable.strings;
			sourceTree = "<group>";
		};
/* End PBXVariantGroup section */

/* Begin XCBuildConfiguration section */
		C3D686832A2F4A1F0077E026 /* Debug */ = {
			isa = XCBuildConfiguration;
			buildSettings = {
				ALWAYS_SEARCH_USER_PATHS = NO;
				CLANG_ANALYZER_LOCALIZABILITY_NONLOCALIZED = YES;
				CLANG_ANALYZER_NONNULL = YES;
				CLANG_ANALYZER_NUMBER_OBJECT_CONVERSION = YES_AGGRESSIVE;
				CLANG_CXX_LANGUAGE_STANDARD = "gnu++20";
				CLANG_ENABLE_MODULES = YES;
				CLANG_ENABLE_OBJC_ARC = YES;
				CLANG_ENABLE_OBJC_WEAK = YES;
				CLANG_WARN_BLOCK_CAPTURE_AUTORELEASING = YES;
				CLANG_WARN_BOOL_CONVERSION = YES;
				CLANG_WARN_COMMA = YES;
				CLANG_WARN_CONSTANT_CONVERSION = YES;
				CLANG_WARN_DEPRECATED_OBJC_IMPLEMENTATIONS = YES;
				CLANG_WARN_DIRECT_OBJC_ISA_USAGE = YES_ERROR;
				CLANG_WARN_DOCUMENTATION_COMMENTS = YES;
				CLANG_WARN_EMPTY_BODY = YES;
				CLANG_WARN_ENUM_CONVERSION = YES;
				CLANG_WARN_INFINITE_RECURSION = YES;
				CLANG_WARN_INT_CONVERSION = YES;
				CLANG_WARN_NON_LITERAL_NULL_CONVERSION = YES;
				CLANG_WARN_OBJC_IMPLICIT_RETAIN_SELF = YES;
				CLANG_WARN_OBJC_LITERAL_CONVERSION = YES;
				CLANG_WARN_OBJC_ROOT_CLASS = YES_ERROR;
				CLANG_WARN_QUOTED_INCLUDE_IN_FRAMEWORK_HEADER = YES;
				CLANG_WARN_RANGE_LOOP_ANALYSIS = YES;
				CLANG_WARN_STRICT_PROTOTYPES = YES;
				CLANG_WARN_SUSPICIOUS_MOVE = YES;
				CLANG_WARN_UNGUARDED_AVAILABILITY = YES_AGGRESSIVE;
				CLANG_WARN_UNREACHABLE_CODE = YES;
				CLANG_WARN__DUPLICATE_METHOD_MATCH = YES;
				COPY_PHASE_STRIP = NO;
				DEBUG_INFORMATION_FORMAT = dwarf;
				ENABLE_STRICT_OBJC_MSGSEND = YES;
				ENABLE_TESTABILITY = YES;
				GCC_C_LANGUAGE_STANDARD = gnu11;
				GCC_DYNAMIC_NO_PIC = NO;
				GCC_NO_COMMON_BLOCKS = YES;
				GCC_OPTIMIZATION_LEVEL = 0;
				GCC_PREPROCESSOR_DEFINITIONS = (
					"DEBUG=1",
					"$(inherited)",
				);
				GCC_WARN_64_TO_32_BIT_CONVERSION = YES;
				GCC_WARN_ABOUT_RETURN_TYPE = YES_ERROR;
				GCC_WARN_UNDECLARED_SELECTOR = YES;
				GCC_WARN_UNINITIALIZED_AUTOS = YES_AGGRESSIVE;
				GCC_WARN_UNUSED_FUNCTION = YES;
				GCC_WARN_UNUSED_VARIABLE = YES;
				IPHONEOS_DEPLOYMENT_TARGET = 16.4;
				MTL_ENABLE_DEBUG_INFO = INCLUDE_SOURCE;
				MTL_FAST_MATH = YES;
				ONLY_ACTIVE_ARCH = YES;
				SDKROOT = iphoneos;
				SWIFT_ACTIVE_COMPILATION_CONDITIONS = DEBUG;
				SWIFT_OPTIMIZATION_LEVEL = "-Onone";
			};
			name = Debug;
		};
		C3D686842A2F4A1F0077E026 /* Release */ = {
			isa = XCBuildConfiguration;
			buildSettings = {
				ALWAYS_SEARCH_USER_PATHS = NO;
				CLANG_ANALYZER_LOCALIZABILITY_NONLOCALIZED = YES;
				CLANG_ANALYZER_NONNULL = YES;
				CLANG_ANALYZER_NUMBER_OBJECT_CONVERSION = YES_AGGRESSIVE;
				CLANG_CXX_LANGUAGE_STANDARD = "gnu++20";
				CLANG_ENABLE_MODULES = YES;
				CLANG_ENABLE_OBJC_ARC = YES;
				CLANG_ENABLE_OBJC_WEAK = YES;
				CLANG_WARN_BLOCK_CAPTURE_AUTORELEASING = YES;
				CLANG_WARN_BOOL_CONVERSION = YES;
				CLANG_WARN_COMMA = YES;
				CLANG_WARN_CONSTANT_CONVERSION = YES;
				CLANG_WARN_DEPRECATED_OBJC_IMPLEMENTATIONS = YES;
				CLANG_WARN_DIRECT_OBJC_ISA_USAGE = YES_ERROR;
				CLANG_WARN_DOCUMENTATION_COMMENTS = YES;
				CLANG_WARN_EMPTY_BODY = YES;
				CLANG_WARN_ENUM_CONVERSION = YES;
				CLANG_WARN_INFINITE_RECURSION = YES;
				CLANG_WARN_INT_CONVERSION = YES;
				CLANG_WARN_NON_LITERAL_NULL_CONVERSION = YES;
				CLANG_WARN_OBJC_IMPLICIT_RETAIN_SELF = YES;
				CLANG_WARN_OBJC_LITERAL_CONVERSION = YES;
				CLANG_WARN_OBJC_ROOT_CLASS = YES_ERROR;
				CLANG_WARN_QUOTED_INCLUDE_IN_FRAMEWORK_HEADER = YES;
				CLANG_WARN_RANGE_LOOP_ANALYSIS = YES;
				CLANG_WARN_STRICT_PROTOTYPES = YES;
				CLANG_WARN_SUSPICIOUS_MOVE = YES;
				CLANG_WARN_UNGUARDED_AVAILABILITY = YES_AGGRESSIVE;
				CLANG_WARN_UNREACHABLE_CODE = YES;
				CLANG_WARN__DUPLICATE_METHOD_MATCH = YES;
				COPY_PHASE_STRIP = NO;
				DEBUG_INFORMATION_FORMAT = "dwarf-with-dsym";
				ENABLE_NS_ASSERTIONS = NO;
				ENABLE_STRICT_OBJC_MSGSEND = YES;
				GCC_C_LANGUAGE_STANDARD = gnu11;
				GCC_NO_COMMON_BLOCKS = YES;
				GCC_WARN_64_TO_32_BIT_CONVERSION = YES;
				GCC_WARN_ABOUT_RETURN_TYPE = YES_ERROR;
				GCC_WARN_UNDECLARED_SELECTOR = YES;
				GCC_WARN_UNINITIALIZED_AUTOS = YES_AGGRESSIVE;
				GCC_WARN_UNUSED_FUNCTION = YES;
				GCC_WARN_UNUSED_VARIABLE = YES;
				IPHONEOS_DEPLOYMENT_TARGET = 16.4;
				MTL_ENABLE_DEBUG_INFO = NO;
				MTL_FAST_MATH = YES;
				SDKROOT = iphoneos;
				SWIFT_COMPILATION_MODE = wholemodule;
				SWIFT_OPTIMIZATION_LEVEL = "-O";
				VALIDATE_PRODUCT = YES;
			};
			name = Release;
		};
		C3D686862A2F4A1F0077E026 /* Debug */ = {
			isa = XCBuildConfiguration;
			buildSettings = {
				ASSETCATALOG_COMPILER_APPICON_NAME = AppIcon;
				ASSETCATALOG_COMPILER_GLOBAL_ACCENT_COLOR_NAME = AccentColor;
				CODE_SIGN_ENTITLEMENTS = Pomodoro/Pomodoro.entitlements;
				CODE_SIGN_STYLE = Automatic;
				CURRENT_PROJECT_VERSION = 1;
				DEVELOPMENT_ASSET_PATHS = "\"Pomodoro/Preview Content\"";
				DEVELOPMENT_TEAM = FPH322W3GM;
				ENABLE_PREVIEWS = YES;
				GENERATE_INFOPLIST_FILE = YES;
				INFOPLIST_KEY_UIApplicationSceneManifest_Generation = YES;
				INFOPLIST_KEY_UIApplicationSupportsIndirectInputEvents = YES;
				INFOPLIST_KEY_UILaunchScreen_Generation = YES;
				INFOPLIST_KEY_UISupportedInterfaceOrientations_iPad = "UIInterfaceOrientationPortrait UIInterfaceOrientationPortraitUpsideDown UIInterfaceOrientationLandscapeLeft UIInterfaceOrientationLandscapeRight";
				INFOPLIST_KEY_UISupportedInterfaceOrientations_iPhone = "UIInterfaceOrientationPortrait UIInterfaceOrientationLandscapeLeft UIInterfaceOrientationLandscapeRight";
				LD_RUNPATH_SEARCH_PATHS = (
					"$(inherited)",
					"@executable_path/Frameworks",
				);
				MARKETING_VERSION = 1.0;
				PRODUCT_BUNDLE_IDENTIFIER = com.kagankuscu.pomodorotogether;
				PRODUCT_NAME = "$(TARGET_NAME)";
				SWIFT_EMIT_LOC_STRINGS = YES;
				SWIFT_VERSION = 5.0;
				TARGETED_DEVICE_FAMILY = "1,2";
			};
			name = Debug;
		};
		C3D686872A2F4A1F0077E026 /* Release */ = {
			isa = XCBuildConfiguration;
			buildSettings = {
				ASSETCATALOG_COMPILER_APPICON_NAME = AppIcon;
				ASSETCATALOG_COMPILER_GLOBAL_ACCENT_COLOR_NAME = AccentColor;
				CODE_SIGN_ENTITLEMENTS = Pomodoro/Pomodoro.entitlements;
				CODE_SIGN_STYLE = Automatic;
				CURRENT_PROJECT_VERSION = 1;
				DEVELOPMENT_ASSET_PATHS = "\"Pomodoro/Preview Content\"";
				DEVELOPMENT_TEAM = FPH322W3GM;
				ENABLE_PREVIEWS = YES;
				GENERATE_INFOPLIST_FILE = YES;
				INFOPLIST_KEY_UIApplicationSceneManifest_Generation = YES;
				INFOPLIST_KEY_UIApplicationSupportsIndirectInputEvents = YES;
				INFOPLIST_KEY_UILaunchScreen_Generation = YES;
				INFOPLIST_KEY_UISupportedInterfaceOrientations_iPad = "UIInterfaceOrientationPortrait UIInterfaceOrientationPortraitUpsideDown UIInterfaceOrientationLandscapeLeft UIInterfaceOrientationLandscapeRight";
				INFOPLIST_KEY_UISupportedInterfaceOrientations_iPhone = "UIInterfaceOrientationPortrait UIInterfaceOrientationLandscapeLeft UIInterfaceOrientationLandscapeRight";
				LD_RUNPATH_SEARCH_PATHS = (
					"$(inherited)",
					"@executable_path/Frameworks",
				);
				MARKETING_VERSION = 1.0;
				PRODUCT_BUNDLE_IDENTIFIER = com.kagankuscu.pomodorotogether;
				PRODUCT_NAME = "$(TARGET_NAME)";
				SWIFT_EMIT_LOC_STRINGS = YES;
				SWIFT_VERSION = 5.0;
				TARGETED_DEVICE_FAMILY = "1,2";
			};
			name = Release;
		};
/* End XCBuildConfiguration section */

/* Begin XCConfigurationList section */
		C3D686722A2F4A1D0077E026 /* Build configuration list for PBXProject "Pomodoro" */ = {
			isa = XCConfigurationList;
			buildConfigurations = (
				C3D686832A2F4A1F0077E026 /* Debug */,
				C3D686842A2F4A1F0077E026 /* Release */,
			);
			defaultConfigurationIsVisible = 0;
			defaultConfigurationName = Release;
		};
		C3D686852A2F4A1F0077E026 /* Build configuration list for PBXNativeTarget "Pomodoro" */ = {
			isa = XCConfigurationList;
			buildConfigurations = (
				C3D686862A2F4A1F0077E026 /* Debug */,
				C3D686872A2F4A1F0077E026 /* Release */,
			);
			defaultConfigurationIsVisible = 0;
			defaultConfigurationName = Release;
		};
/* End XCConfigurationList section */
	};
	rootObject = C3D6866F2A2F4A1D0077E026 /* Project object */;
}
